
Microsoft Visual Studio Solution File, Format Version 12.00
# Visual Studio Version 17
VisualStudioVersion = 17.3.32929.385
MinimumVisualStudioVersion = 10.0.40219.1
Project("{FAE04EC0-301F-11D3-BF4B-00C04F79EFBC}") = "미래모빌리티", "미래모빌리티\미래모빌리티.csproj", "{40004FAB-95A7-4489-96A7-B24C8D0CE6CE}"
EndProject
Global
	GlobalSection(SolutionConfigurationPlatforms) = preSolution
		Debug|Any CPU = Debug|Any CPU
		Release|Any CPU = Release|Any CPU
	EndGlobalSection
	GlobalSection(ProjectConfigurationPlatforms) = postSolution
		{40004FAB-95A7-4489-96A7-B24C8D0CE6CE}.Debug|Any CPU.ActiveCfg = Debug|Any CPU
		{40004FAB-95A7-4489-96A7-B24C8D0CE6CE}.Debug|Any CPU.Build.0 = Debug|Any CPU
		{40004FAB-95A7-4489-96A7-B24C8D0CE6CE}.Release|Any CPU.ActiveCfg = Release|Any CPU
		{40004FAB-95A7-4489-96A7-B24C8D0CE6CE}.Release|Any CPU.Build.0 = Release|Any CPU
	EndGlobalSection
	GlobalSection(SolutionProperties) = preSolution
		HideSolutionNode = FALSE
	EndGlobalSection
	GlobalSection(ExtensibilityGlobals) = postSolution
		SolutionGuid = {19524D71-7173-4579-9D72-D4931BAEF319}
	EndGlobalSection
EndGlobal
